// !$*UTF8*$!
{
	archiveVersion = 1;
	classes = {
	};
	objectVersion = 51;
	objects = {

/* Begin PBXBuildFile section */
		A2590EB426A1A022009B54AA /* AppDelegate.swift in Sources */ = {isa = PBXBuildFile; fileRef = A2590EB326A1A022009B54AA /* AppDelegate.swift */; };
		A2590EB626A1A022009B54AA /* SceneDelegate.swift in Sources */ = {isa = PBXBuildFile; fileRef = A2590EB526A1A022009B54AA /* SceneDelegate.swift */; };
		A2590EB826A1A022009B54AA /* ViewController.swift in Sources */ = {isa = PBXBuildFile; fileRef = A2590EB726A1A022009B54AA /* ViewController.swift */; };
		A2590EBB26A1A022009B54AA /* Main.storyboard in Resources */ = {isa = PBXBuildFile; fileRef = A2590EB926A1A022009B54AA /* Main.storyboard */; };
		A2590EBD26A1A024009B54AA /* Assets.xcassets in Resources */ = {isa = PBXBuildFile; fileRef = A2590EBC26A1A024009B54AA /* Assets.xcassets */; };
		A2590EC026A1A024009B54AA /* LaunchScreen.storyboard in Resources */ = {isa = PBXBuildFile; fileRef = A2590EBE26A1A024009B54AA /* LaunchScreen.storyboard */; };
		A2590ED126A1B4FB009B54AA /* NewsResponse.swift in Sources */ = {isa = PBXBuildFile; fileRef = A2590ED026A1B4FB009B54AA /* NewsResponse.swift */; };
		A2590ED726A1B5EA009B54AA /* EndPoint.swift in Sources */ = {isa = PBXBuildFile; fileRef = A2590ED626A1B5EA009B54AA /* EndPoint.swift */; };
		A2590EDA26A1B643009B54AA /* NewsRequest.swift in Sources */ = {isa = PBXBuildFile; fileRef = A2590ED926A1B643009B54AA /* NewsRequest.swift */; };
		A2590EDE26A1B98A009B54AA /* Schema.swift in Sources */ = {isa = PBXBuildFile; fileRef = A2590EDD26A1B98A009B54AA /* Schema.swift */; };
		A2590EE126A1BA92009B54AA /* RemoteError.swift in Sources */ = {isa = PBXBuildFile; fileRef = A2590EE026A1BA92009B54AA /* RemoteError.swift */; };
		A2590EE426A1BB17009B54AA /* NetworkManager.swift in Sources */ = {isa = PBXBuildFile; fileRef = A2590EE326A1BB17009B54AA /* NetworkManager.swift */; };
		A2590EE826A1BB6C009B54AA /* NewsRemoteProtocol.swift in Sources */ = {isa = PBXBuildFile; fileRef = A2590EE726A1BB6C009B54AA /* NewsRemoteProtocol.swift */; };
		A2590EEC26A1BBB7009B54AA /* NewsRemote.swift in Sources */ = {isa = PBXBuildFile; fileRef = A2590EEB26A1BBB7009B54AA /* NewsRemote.swift */; };
		A2590EF326A1BE08009B54AA /* NewsStoreProtocol.swift in Sources */ = {isa = PBXBuildFile; fileRef = A2590EF226A1BE08009B54AA /* NewsStoreProtocol.swift */; };
		A2590EF726A1BF05009B54AA /* NewsStore.swift in Sources */ = {isa = PBXBuildFile; fileRef = A2590EF626A1BF05009B54AA /* NewsStore.swift */; };
		BCAB4641638FD52705309C4C /* Pods_AsgatechNewsTask.framework in Frameworks */ = {isa = PBXBuildFile; fileRef = BD46B40FF45050D883FA0C76 /* Pods_AsgatechNewsTask.framework */; };
/* End PBXBuildFile section */

/* Begin PBXFileReference section */
		38B7C035B36B376B27BACECD /* Pods-AsgatechNewsTask.debug.xcconfig */ = {isa = PBXFileReference; includeInIndex = 1; lastKnownFileType = text.xcconfig; name = "Pods-AsgatechNewsTask.debug.xcconfig"; path = "Target Support Files/Pods-AsgatechNewsTask/Pods-AsgatechNewsTask.debug.xcconfig"; sourceTree = "<group>"; };
		9E824A3EA46888C0C91D613D /* Pods-AsgatechNewsTask.release.xcconfig */ = {isa = PBXFileReference; includeInIndex = 1; lastKnownFileType = text.xcconfig; name = "Pods-AsgatechNewsTask.release.xcconfig"; path = "Target Support Files/Pods-AsgatechNewsTask/Pods-AsgatechNewsTask.release.xcconfig"; sourceTree = "<group>"; };
		A2590EB026A1A022009B54AA /* AsgatechNewsTask.app */ = {isa = PBXFileReference; explicitFileType = wrapper.application; includeInIndex = 0; path = AsgatechNewsTask.app; sourceTree = BUILT_PRODUCTS_DIR; };
		A2590EB326A1A022009B54AA /* AppDelegate.swift */ = {isa = PBXFileReference; lastKnownFileType = sourcecode.swift; path = AppDelegate.swift; sourceTree = "<group>"; };
		A2590EB526A1A022009B54AA /* SceneDelegate.swift */ = {isa = PBXFileReference; lastKnownFileType = sourcecode.swift; path = SceneDelegate.swift; sourceTree = "<group>"; };
		A2590EB726A1A022009B54AA /* ViewController.swift */ = {isa = PBXFileReference; lastKnownFileType = sourcecode.swift; path = ViewController.swift; sourceTree = "<group>"; };
		A2590EBA26A1A022009B54AA /* Base */ = {isa = PBXFileReference; lastKnownFileType = file.storyboard; name = Base; path = Base.lproj/Main.storyboard; sourceTree = "<group>"; };
		A2590EBC26A1A024009B54AA /* Assets.xcassets */ = {isa = PBXFileReference; lastKnownFileType = folder.assetcatalog; path = Assets.xcassets; sourceTree = "<group>"; };
		A2590EBF26A1A024009B54AA /* Base */ = {isa = PBXFileReference; lastKnownFileType = file.storyboard; name = Base; path = Base.lproj/LaunchScreen.storyboard; sourceTree = "<group>"; };
		A2590EC126A1A024009B54AA /* Info.plist */ = {isa = PBXFileReference; lastKnownFileType = text.plist.xml; path = Info.plist; sourceTree = "<group>"; };
		A2590ED026A1B4FB009B54AA /* NewsResponse.swift */ = {isa = PBXFileReference; lastKnownFileType = sourcecode.swift; path = NewsResponse.swift; sourceTree = "<group>"; };
		A2590ED626A1B5EA009B54AA /* EndPoint.swift */ = {isa = PBXFileReference; lastKnownFileType = sourcecode.swift; path = EndPoint.swift; sourceTree = "<group>"; };
		A2590ED926A1B643009B54AA /* NewsRequest.swift */ = {isa = PBXFileReference; lastKnownFileType = sourcecode.swift; path = NewsRequest.swift; sourceTree = "<group>"; };
		A2590EDD26A1B98A009B54AA /* Schema.swift */ = {isa = PBXFileReference; lastKnownFileType = sourcecode.swift; path = Schema.swift; sourceTree = "<group>"; };
		A2590EE026A1BA92009B54AA /* RemoteError.swift */ = {isa = PBXFileReference; lastKnownFileType = sourcecode.swift; path = RemoteError.swift; sourceTree = "<group>"; };
		A2590EE326A1BB17009B54AA /* NetworkManager.swift */ = {isa = PBXFileReference; lastKnownFileType = sourcecode.swift; path = NetworkManager.swift; sourceTree = "<group>"; };
		A2590EE726A1BB6C009B54AA /* NewsRemoteProtocol.swift */ = {isa = PBXFileReference; lastKnownFileType = sourcecode.swift; path = NewsRemoteProtocol.swift; sourceTree = "<group>"; };
		A2590EEB26A1BBB7009B54AA /* NewsRemote.swift */ = {isa = PBXFileReference; lastKnownFileType = sourcecode.swift; path = NewsRemote.swift; sourceTree = "<group>"; };
		A2590EF226A1BE08009B54AA /* NewsStoreProtocol.swift */ = {isa = PBXFileReference; lastKnownFileType = sourcecode.swift; path = NewsStoreProtocol.swift; sourceTree = "<group>"; };
		A2590EF626A1BF05009B54AA /* NewsStore.swift */ = {isa = PBXFileReference; lastKnownFileType = sourcecode.swift; path = NewsStore.swift; sourceTree = "<group>"; };
		BD46B40FF45050D883FA0C76 /* Pods_AsgatechNewsTask.framework */ = {isa = PBXFileReference; explicitFileType = wrapper.framework; includeInIndex = 0; path = Pods_AsgatechNewsTask.framework; sourceTree = BUILT_PRODUCTS_DIR; };
/* End PBXFileReference section */

/* Begin PBXFrameworksBuildPhase section */
		A2590EAD26A1A022009B54AA /* Frameworks */ = {
			isa = PBXFrameworksBuildPhase;
			buildActionMask = 2147483647;
			files = (
				BCAB4641638FD52705309C4C /* Pods_AsgatechNewsTask.framework in Frameworks */,
			);
			runOnlyForDeploymentPostprocessing = 0;
		};
/* End PBXFrameworksBuildPhase section */

/* Begin PBXGroup section */
		1A9430C7C30A9F0C0ADB4633 /* Frameworks */ = {
			isa = PBXGroup;
			children = (
				BD46B40FF45050D883FA0C76 /* Pods_AsgatechNewsTask.framework */,
			);
			name = Frameworks;
			sourceTree = "<group>";
		};
		A2590EA726A1A022009B54AA = {
			isa = PBXGroup;
			children = (
				A2590EB226A1A022009B54AA /* AsgatechNewsTask */,
				A2590EB126A1A022009B54AA /* Products */,
				C815A33A2B1E63A6D6D3097B /* Pods */,
				1A9430C7C30A9F0C0ADB4633 /* Frameworks */,
			);
			sourceTree = "<group>";
		};
		A2590EB126A1A022009B54AA /* Products */ = {
			isa = PBXGroup;
			children = (
				A2590EB026A1A022009B54AA /* AsgatechNewsTask.app */,
			);
			name = Products;
			sourceTree = "<group>";
		};
		A2590EB226A1A022009B54AA /* AsgatechNewsTask */ = {
			isa = PBXGroup;
			children = (
				A2590EF026A1BD23009B54AA /* Core */,
				A2590ED326A1B578009B54AA /* Network */,
				A2590ECF26A1B4E4009B54AA /* Model */,
				A2590EB326A1A022009B54AA /* AppDelegate.swift */,
				A2590EB526A1A022009B54AA /* SceneDelegate.swift */,
				A2590EB726A1A022009B54AA /* ViewController.swift */,
				A2590EB926A1A022009B54AA /* Main.storyboard */,
				A2590EBC26A1A024009B54AA /* Assets.xcassets */,
				A2590EBE26A1A024009B54AA /* LaunchScreen.storyboard */,
				A2590EC126A1A024009B54AA /* Info.plist */,
			);
			path = AsgatechNewsTask;
			sourceTree = "<group>";
		};
		A2590ECF26A1B4E4009B54AA /* Model */ = {
			isa = PBXGroup;
			children = (
				A2590ED026A1B4FB009B54AA /* NewsResponse.swift */,
				A2590ED926A1B643009B54AA /* NewsRequest.swift */,
			);
			path = Model;
			sourceTree = "<group>";
		};
		A2590ED326A1B578009B54AA /* Network */ = {
			isa = PBXGroup;
			children = (
				A2590EE626A1BB46009B54AA /* Remote */,
				A2590EDC26A1B96F009B54AA /* Settings */,
				A2590ED526A1B5CC009B54AA /* EndPoint */,
				A2590ED426A1B589009B54AA /* Manager */,
			);
			path = Network;
			sourceTree = "<group>";
		};
		A2590ED426A1B589009B54AA /* Manager */ = {
			isa = PBXGroup;
			children = (
				A2590EE026A1BA92009B54AA /* RemoteError.swift */,
				A2590EE326A1BB17009B54AA /* NetworkManager.swift */,
			);
			path = Manager;
			sourceTree = "<group>";
		};
		A2590ED526A1B5CC009B54AA /* EndPoint */ = {
			isa = PBXGroup;
			children = (
				A2590ED626A1B5EA009B54AA /* EndPoint.swift */,
			);
			path = EndPoint;
			sourceTree = "<group>";
		};
		A2590EDC26A1B96F009B54AA /* Settings */ = {
			isa = PBXGroup;
			children = (
				A2590EDD26A1B98A009B54AA /* Schema.swift */,
			);
			path = Settings;
			sourceTree = "<group>";
		};
		A2590EE626A1BB46009B54AA /* Remote */ = {
			isa = PBXGroup;
			children = (
				A2590EE726A1BB6C009B54AA /* NewsRemoteProtocol.swift */,
				A2590EEB26A1BBB7009B54AA /* NewsRemote.swift */,
			);
			path = Remote;
			sourceTree = "<group>";
		};
		A2590EF026A1BD23009B54AA /* Core */ = {
			isa = PBXGroup;
			children = (
				A2590EF126A1BDBC009B54AA /* NewsStore */,
			);
			path = Core;
			sourceTree = "<group>";
		};
		A2590EF126A1BDBC009B54AA /* NewsStore */ = {
			isa = PBXGroup;
			children = (
				A2590EF226A1BE08009B54AA /* NewsStoreProtocol.swift */,
				A2590EF626A1BF05009B54AA /* NewsStore.swift */,
			);
			path = NewsStore;
			sourceTree = "<group>";
		};
		C815A33A2B1E63A6D6D3097B /* Pods */ = {
			isa = PBXGroup;
			children = (
				38B7C035B36B376B27BACECD /* Pods-AsgatechNewsTask.debug.xcconfig */,
				9E824A3EA46888C0C91D613D /* Pods-AsgatechNewsTask.release.xcconfig */,
			);
			path = Pods;
			sourceTree = "<group>";
		};
/* End PBXGroup section */

/* Begin PBXNativeTarget section */
		A2590EAF26A1A022009B54AA /* AsgatechNewsTask */ = {
			isa = PBXNativeTarget;
			buildConfigurationList = A2590EC426A1A024009B54AA /* Build configuration list for PBXNativeTarget "AsgatechNewsTask" */;
			buildPhases = (
				9711906C73BE70066B4577AB /* [CP] Check Pods Manifest.lock */,
				A2590EAC26A1A022009B54AA /* Sources */,
				A2590EAD26A1A022009B54AA /* Frameworks */,
				A2590EAE26A1A022009B54AA /* Resources */,
				61EEF5A9573BE3FB6D82C7A3 /* [CP] Embed Pods Frameworks */,
			);
			buildRules = (
			);
			dependencies = (
			);
			name = AsgatechNewsTask;
			productName = AsgatechNewsTask;
			productReference = A2590EB026A1A022009B54AA /* AsgatechNewsTask.app */;
			productType = "com.apple.product-type.application";
		};
/* End PBXNativeTarget section */

/* Begin PBXProject section */
		A2590EA826A1A022009B54AA /* Project object */ = {
			isa = PBXProject;
			attributes = {
				LastSwiftUpdateCheck = 1210;
				LastUpgradeCheck = 1210;
				TargetAttributes = {
					A2590EAF26A1A022009B54AA = {
						CreatedOnToolsVersion = 12.1;
					};
				};
			};
			buildConfigurationList = A2590EAB26A1A022009B54AA /* Build configuration list for PBXProject "AsgatechNewsTask" */;
			compatibilityVersion = "Xcode 9.3";
			developmentRegion = en;
			hasScannedForEncodings = 0;
			knownRegions = (
				en,
				Base,
			);
			mainGroup = A2590EA726A1A022009B54AA;
			productRefGroup = A2590EB126A1A022009B54AA /* Products */;
			projectDirPath = "";
			projectRoot = "";
			targets = (
				A2590EAF26A1A022009B54AA /* AsgatechNewsTask */,
			);
		};
/* End PBXProject section */

/* Begin PBXResourcesBuildPhase section */
		A2590EAE26A1A022009B54AA /* Resources */ = {
			isa = PBXResourcesBuildPhase;
			buildActionMask = 2147483647;
			files = (
				A2590EC026A1A024009B54AA /* LaunchScreen.storyboard in Resources */,
				A2590EBD26A1A024009B54AA /* Assets.xcassets in Resources */,
				A2590EBB26A1A022009B54AA /* Main.storyboard in Resources */,
			);
			runOnlyForDeploymentPostprocessing = 0;
		};
/* End PBXResourcesBuildPhase section */

/* Begin PBXShellScriptBuildPhase section */
		61EEF5A9573BE3FB6D82C7A3 /* [CP] Embed Pods Frameworks */ = {
			isa = PBXShellScriptBuildPhase;
			buildActionMask = 2147483647;
			files = (
			);
			inputFileListPaths = (
				"${PODS_ROOT}/Target Support Files/Pods-AsgatechNewsTask/Pods-AsgatechNewsTask-frameworks-${CONFIGURATION}-input-files.xcfilelist",
			);
			name = "[CP] Embed Pods Frameworks";
			outputFileListPaths = (
				"${PODS_ROOT}/Target Support Files/Pods-AsgatechNewsTask/Pods-AsgatechNewsTask-frameworks-${CONFIGURATION}-output-files.xcfilelist",
			);
			runOnlyForDeploymentPostprocessing = 0;
			shellPath = /bin/sh;
			shellScript = "\"${PODS_ROOT}/Target Support Files/Pods-AsgatechNewsTask/Pods-AsgatechNewsTask-frameworks.sh\"\n";
			showEnvVarsInLog = 0;
		};
		9711906C73BE70066B4577AB /* [CP] Check Pods Manifest.lock */ = {
			isa = PBXShellScriptBuildPhase;
			buildActionMask = 2147483647;
			files = (
			);
			inputFileListPaths = (
			);
			inputPaths = (
				"${PODS_PODFILE_DIR_PATH}/Podfile.lock",
				"${PODS_ROOT}/Manifest.lock",
			);
			name = "[CP] Check Pods Manifest.lock";
			outputFileListPaths = (
			);
			outputPaths = (
				"$(DERIVED_FILE_DIR)/Pods-AsgatechNewsTask-checkManifestLockResult.txt",
			);
			runOnlyForDeploymentPostprocessing = 0;
			shellPath = /bin/sh;
			shellScript = "diff \"${PODS_PODFILE_DIR_PATH}/Podfile.lock\" \"${PODS_ROOT}/Manifest.lock\" > /dev/null\nif [ $? != 0 ] ; then\n    # print error to STDERR\n    echo \"error: The sandbox is not in sync with the Podfile.lock. Run 'pod install' or update your CocoaPods installation.\" >&2\n    exit 1\nfi\n# This output is used by Xcode 'outputs' to avoid re-running this script phase.\necho \"SUCCESS\" > \"${SCRIPT_OUTPUT_FILE_0}\"\n";
			showEnvVarsInLog = 0;
		};
/* End PBXShellScriptBuildPhase section */

/* Begin PBXSourcesBuildPhase section */
		A2590EAC26A1A022009B54AA /* Sources */ = {
			isa = PBXSourcesBuildPhase;
			buildActionMask = 2147483647;
			files = (
				A2590EE426A1BB17009B54AA /* NetworkManager.swift in Sources */,
				A2590EDA26A1B643009B54AA /* NewsRequest.swift in Sources */,
				A2590EE826A1BB6C009B54AA /* NewsRemoteProtocol.swift in Sources */,
				A2590EF726A1BF05009B54AA /* NewsStore.swift in Sources */,
				A2590EB826A1A022009B54AA /* ViewController.swift in Sources */,
				A2590ED126A1B4FB009B54AA /* NewsResponse.swift in Sources */,
				A2590ED726A1B5EA009B54AA /* EndPoint.swift in Sources */,
				A2590EB426A1A022009B54AA /* AppDelegate.swift in Sources */,
				A2590EE126A1BA92009B54AA /* RemoteError.swift in Sources */,
				A2590EEC26A1BBB7009B54AA /* NewsRemote.swift in Sources */,
				A2590EDE26A1B98A009B54AA /* Schema.swift in Sources */,
				A2590EF326A1BE08009B54AA /* NewsStoreProtocol.swift in Sources */,
				A2590EB626A1A022009B54AA /* SceneDelegate.swift in Sources */,
			);
			runOnlyForDeploymentPostprocessing = 0;
		};
/* End PBXSourcesBuildPhase section */

/* Begin PBXVariantGroup section */
		A2590EB926A1A022009B54AA /* Main.storyboard */ = {
			isa = PBXVariantGroup;
			children = (
				A2590EBA26A1A022009B54AA /* Base */,
			);
			name = Main.storyboard;
			sourceTree = "<group>";
		};
		A2590EBE26A1A024009B54AA /* LaunchScreen.storyboard */ = {
			isa = PBXVariantGroup;
			children = (
				A2590EBF26A1A024009B54AA /* Base */,
			);
			name = LaunchScreen.storyboard;
			sourceTree = "<group>";
		};
/* End PBXVariantGroup section */

/* Begin XCBuildConfiguration section */
		A2590EC226A1A024009B54AA /* Debug */ = {
			isa = XCBuildConfiguration;
			buildSettings = {
				ALWAYS_SEARCH_USER_PATHS = NO;
				CLANG_ANALYZER_NONNULL = YES;
				CLANG_ANALYZER_NUMBER_OBJECT_CONVERSION = YES_AGGRESSIVE;
				CLANG_CXX_LANGUAGE_STANDARD = "gnu++14";
				CLANG_CXX_LIBRARY = "libc++";
				CLANG_ENABLE_MODULES = YES;
				CLANG_ENABLE_OBJC_ARC = YES;
				CLANG_ENABLE_OBJC_WEAK = YES;
				CLANG_WARN_BLOCK_CAPTURE_AUTORELEASING = YES;
				CLANG_WARN_BOOL_CONVERSION = YES;
				CLANG_WARN_COMMA = YES;
				CLANG_WARN_CONSTANT_CONVERSION = YES;
				CLANG_WARN_DEPRECATED_OBJC_IMPLEMENTATIONS = YES;
				CLANG_WARN_DIRECT_OBJC_ISA_USAGE = YES_ERROR;
				CLANG_WARN_DOCUMENTATION_COMMENTS = YES;
				CLANG_WARN_EMPTY_BODY = YES;
				CLANG_WARN_ENUM_CONVERSION = YES;
				CLANG_WARN_INFINITE_RECURSION = YES;
				CLANG_WARN_INT_CONVERSION = YES;
				CLANG_WARN_NON_LITERAL_NULL_CONVERSION = YES;
				CLANG_WARN_OBJC_IMPLICIT_RETAIN_SELF = YES;
				CLANG_WARN_OBJC_LITERAL_CONVERSION = YES;
				CLANG_WARN_OBJC_ROOT_CLASS = YES_ERROR;
				CLANG_WARN_QUOTED_INCLUDE_IN_FRAMEWORK_HEADER = YES;
				CLANG_WARN_RANGE_LOOP_ANALYSIS = YES;
				CLANG_WARN_STRICT_PROTOTYPES = YES;
				CLANG_WARN_SUSPICIOUS_MOVE = YES;
				CLANG_WARN_UNGUARDED_AVAILABILITY = YES_AGGRESSIVE;
				CLANG_WARN_UNREACHABLE_CODE = YES;
				CLANG_WARN__DUPLICATE_METHOD_MATCH = YES;
				COPY_PHASE_STRIP = NO;
				DEBUG_INFORMATION_FORMAT = dwarf;
				ENABLE_STRICT_OBJC_MSGSEND = YES;
				ENABLE_TESTABILITY = YES;
				GCC_C_LANGUAGE_STANDARD = gnu11;
				GCC_DYNAMIC_NO_PIC = NO;
				GCC_NO_COMMON_BLOCKS = YES;
				GCC_OPTIMIZATION_LEVEL = 0;
				GCC_PREPROCESSOR_DEFINITIONS = (
					"DEBUG=1",
					"$(inherited)",
				);
				GCC_WARN_64_TO_32_BIT_CONVERSION = YES;
				GCC_WARN_ABOUT_RETURN_TYPE = YES_ERROR;
				GCC_WARN_UNDECLARED_SELECTOR = YES;
				GCC_WARN_UNINITIALIZED_AUTOS = YES_AGGRESSIVE;
				GCC_WARN_UNUSED_FUNCTION = YES;
				GCC_WARN_UNUSED_VARIABLE = YES;
				IPHONEOS_DEPLOYMENT_TARGET = 14.1;
				MTL_ENABLE_DEBUG_INFO = INCLUDE_SOURCE;
				MTL_FAST_MATH = YES;
				ONLY_ACTIVE_ARCH = YES;
				SDKROOT = iphoneos;
				SWIFT_ACTIVE_COMPILATION_CONDITIONS = DEBUG;
				SWIFT_OPTIMIZATION_LEVEL = "-Onone";
			};
			name = Debug;
		};
		A2590EC326A1A024009B54AA /* Release */ = {
			isa = XCBuildConfiguration;
			buildSettings = {
				ALWAYS_SEARCH_USER_PATHS = NO;
				CLANG_ANALYZER_NONNULL = YES;
				CLANG_ANALYZER_NUMBER_OBJECT_CONVERSION = YES_AGGRESSIVE;
				CLANG_CXX_LANGUAGE_STANDARD = "gnu++14";
				CLANG_CXX_LIBRARY = "libc++";
				CLANG_ENABLE_MODULES = YES;
				CLANG_ENABLE_OBJC_ARC = YES;
				CLANG_ENABLE_OBJC_WEAK = YES;
				CLANG_WARN_BLOCK_CAPTURE_AUTORELEASING = YES;
				CLANG_WARN_BOOL_CONVERSION = YES;
				CLANG_WARN_COMMA = YES;
				CLANG_WARN_CONSTANT_CONVERSION = YES;
				CLANG_WARN_DEPRECATED_OBJC_IMPLEMENTATIONS = YES;
				CLANG_WARN_DIRECT_OBJC_ISA_USAGE = YES_ERROR;
				CLANG_WARN_DOCUMENTATION_COMMENTS = YES;
				CLANG_WARN_EMPTY_BODY = YES;
				CLANG_WARN_ENUM_CONVERSION = YES;
				CLANG_WARN_INFINITE_RECURSION = YES;
				CLANG_WARN_INT_CONVERSION = YES;
				CLANG_WARN_NON_LITERAL_NULL_CONVERSION = YES;
				CLANG_WARN_OBJC_IMPLICIT_RETAIN_SELF = YES;
				CLANG_WARN_OBJC_LITERAL_CONVERSION = YES;
				CLANG_WARN_OBJC_ROOT_CLASS = YES_ERROR;
				CLANG_WARN_QUOTED_INCLUDE_IN_FRAMEWORK_HEADER = YES;
				CLANG_WARN_RANGE_LOOP_ANALYSIS = YES;
				CLANG_WARN_STRICT_PROTOTYPES = YES;
				CLANG_WARN_SUSPICIOUS_MOVE = YES;
				CLANG_WARN_UNGUARDED_AVAILABILITY = YES_AGGRESSIVE;
				CLANG_WARN_UNREACHABLE_CODE = YES;
				CLANG_WARN__DUPLICATE_METHOD_MATCH = YES;
				COPY_PHASE_STRIP = NO;
				DEBUG_INFORMATION_FORMAT = "dwarf-with-dsym";
				ENABLE_NS_ASSERTIONS = NO;
				ENABLE_STRICT_OBJC_MSGSEND = YES;
				GCC_C_LANGUAGE_STANDARD = gnu11;
				GCC_NO_COMMON_BLOCKS = YES;
				GCC_WARN_64_TO_32_BIT_CONVERSION = YES;
				GCC_WARN_ABOUT_RETURN_TYPE = YES_ERROR;
				GCC_WARN_UNDECLARED_SELECTOR = YES;
				GCC_WARN_UNINITIALIZED_AUTOS = YES_AGGRESSIVE;
				GCC_WARN_UNUSED_FUNCTION = YES;
				GCC_WARN_UNUSED_VARIABLE = YES;
				IPHONEOS_DEPLOYMENT_TARGET = 14.1;
				MTL_ENABLE_DEBUG_INFO = NO;
				MTL_FAST_MATH = YES;
				SDKROOT = iphoneos;
				SWIFT_COMPILATION_MODE = wholemodule;
				SWIFT_OPTIMIZATION_LEVEL = "-O";
				VALIDATE_PRODUCT = YES;
			};
			name = Release;
		};
		A2590EC526A1A024009B54AA /* Debug */ = {
			isa = XCBuildConfiguration;
			baseConfigurationReference = 38B7C035B36B376B27BACECD /* Pods-AsgatechNewsTask.debug.xcconfig */;
			buildSettings = {
				ASSETCATALOG_COMPILER_APPICON_NAME = AppIcon;
				ASSETCATALOG_COMPILER_GLOBAL_ACCENT_COLOR_NAME = AccentColor;
				BASE_URL = "https://newsapi.org/v2/";
				CODE_SIGN_STYLE = Automatic;
				INFOPLIST_FILE = AsgatechNewsTask/Info.plist;
				LD_RUNPATH_SEARCH_PATHS = (
					"$(inherited)",
					"@executable_path/Frameworks",
				);
				PRODUCT_BUNDLE_IDENTIFIER = com.AsgatechNewsTask;
				PRODUCT_NAME = "$(TARGET_NAME)";
				SWIFT_VERSION = 5.0;
				TARGETED_DEVICE_FAMILY = "1,2";
			};
			name = Debug;
		};
		A2590EC626A1A024009B54AA /* Release */ = {
			isa = XCBuildConfiguration;
			baseConfigurationReference = 9E824A3EA46888C0C91D613D /* Pods-AsgatechNewsTask.release.xcconfig */;
			buildSettings = {
				ASSETCATALOG_COMPILER_APPICON_NAME = AppIcon;
				ASSETCATALOG_COMPILER_GLOBAL_ACCENT_COLOR_NAME = AccentColor;
				BASE_URL = "https://newsapi.org/v2/";
				CODE_SIGN_STYLE = Automatic;
				INFOPLIST_FILE = AsgatechNewsTask/Info.plist;
				LD_RUNPATH_SEARCH_PATHS = (
					"$(inherited)",
					"@executable_path/Frameworks",
				);
				PRODUCT_BUNDLE_IDENTIFIER = com.AsgatechNewsTask;
				PRODUCT_NAME = "$(TARGET_NAME)";
				SWIFT_VERSION = 5.0;
				TARGETED_DEVICE_FAMILY = "1,2";
			};
			name = Release;
		};
/* End XCBuildConfiguration section */

/* Begin XCConfigurationList section */
		A2590EAB26A1A022009B54AA /* Build configuration list for PBXProject "AsgatechNewsTask" */ = {
			isa = XCConfigurationList;
			buildConfigurations = (
				A2590EC226A1A024009B54AA /* Debug */,
				A2590EC326A1A024009B54AA /* Release */,
			);
			defaultConfigurationIsVisible = 0;
			defaultConfigurationName = Release;
		};
		A2590EC426A1A024009B54AA /* Build configuration list for PBXNativeTarget "AsgatechNewsTask" */ = {
			isa = XCConfigurationList;
			buildConfigurations = (
				A2590EC526A1A024009B54AA /* Debug */,
				A2590EC626A1A024009B54AA /* Release */,
			);
			defaultConfigurationIsVisible = 0;
			defaultConfigurationName = Release;
		};
/* End XCConfigurationList section */
	};
	rootObject = A2590EA826A1A022009B54AA /* Project object */;
}
